
Microsoft Visual Studio Solution File, Format Version 12.00
# Visual Studio Version 17
VisualStudioVersion = 17.7.34031.279
MinimumVisualStudioVersion = 10.0.40219.1
Project("{FAE04EC0-301F-11D3-BF4B-00C04F79EFBC}") = "Singleton Implementation", "Singleton Implementation\Singleton Implementation.csproj", "{5CE76F1E-5AFD-48F6-8F0C-0C8B9430F73B}"
EndProject
Global
	GlobalSection(SolutionConfigurationPlatforms) = preSolution
		Debug|Any CPU = Debug|Any CPU
		Release|Any CPU = Release|Any CPU
	EndGlobalSection
	GlobalSection(ProjectConfigurationPlatforms) = postSolution
		{5CE76F1E-5AFD-48F6-8F0C-0C8B9430F73B}.Debug|Any CPU.ActiveCfg = Debug|Any CPU
		{5CE76F1E-5AFD-48F6-8F0C-0C8B9430F73B}.Debug|Any CPU.Build.0 = Debug|Any CPU
		{5CE76F1E-5AFD-48F6-8F0C-0C8B9430F73B}.Release|Any CPU.ActiveCfg = Release|Any CPU
		{5CE76F1E-5AFD-48F6-8F0C-0C8B9430F73B}.Release|Any CPU.Build.0 = Release|Any CPU
	EndGlobalSection
	GlobalSection(SolutionProperties) = preSolution
		HideSolutionNode = FALSE
	EndGlobalSection
	GlobalSection(ExtensibilityGlobals) = postSolution
		SolutionGuid = {5090FC59-1B48-440F-8315-17860D3C0869}
	EndGlobalSection
EndGlobal
