
Microsoft Visual Studio Solution File, Format Version 12.00
# Visual Studio Version 17
VisualStudioVersion = 17.7.34031.279
MinimumVisualStudioVersion = 10.0.40219.1
Project("{FAE04EC0-301F-11D3-BF4B-00C04F79EFBC}") = "FlyweightPattern", "FlyweightPattern\FlyweightPattern.csproj", "{83D9068C-B12A-4EF4-B49F-4ABF0EDBDFC4}"
EndProject
Global
	GlobalSection(SolutionConfigurationPlatforms) = preSolution
		Debug|Any CPU = Debug|Any CPU
		Release|Any CPU = Release|Any CPU
	EndGlobalSection
	GlobalSection(ProjectConfigurationPlatforms) = postSolution
		{83D9068C-B12A-4EF4-B49F-4ABF0EDBDFC4}.Debug|Any CPU.ActiveCfg = Debug|Any CPU
		{83D9068C-B12A-4EF4-B49F-4ABF0EDBDFC4}.Debug|Any CPU.Build.0 = Debug|Any CPU
		{83D9068C-B12A-4EF4-B49F-4ABF0EDBDFC4}.Release|Any CPU.ActiveCfg = Release|Any CPU
		{83D9068C-B12A-4EF4-B49F-4ABF0EDBDFC4}.Release|Any CPU.Build.0 = Release|Any CPU
	EndGlobalSection
	GlobalSection(SolutionProperties) = preSolution
		HideSolutionNode = FALSE
	EndGlobalSection
	GlobalSection(ExtensibilityGlobals) = postSolution
		SolutionGuid = {71A76CE9-48F3-4490-9380-ACECC8ECAC57}
	EndGlobalSection
EndGlobal
