
Microsoft Visual Studio Solution File, Format Version 12.00
# Visual Studio Version 17
VisualStudioVersion = 17.7.34031.279
MinimumVisualStudioVersion = 10.0.40219.1
Project("{FAE04EC0-301F-11D3-BF4B-00C04F79EFBC}") = "ObserverPattern", "ObserverPattern\ObserverPattern.csproj", "{38201AA4-2ED8-4B9C-9716-3A105FC96444}"
EndProject
Global
	GlobalSection(SolutionConfigurationPlatforms) = preSolution
		Debug|Any CPU = Debug|Any CPU
		Release|Any CPU = Release|Any CPU
	EndGlobalSection
	GlobalSection(ProjectConfigurationPlatforms) = postSolution
		{38201AA4-2ED8-4B9C-9716-3A105FC96444}.Debug|Any CPU.ActiveCfg = Debug|Any CPU
		{38201AA4-2ED8-4B9C-9716-3A105FC96444}.Debug|Any CPU.Build.0 = Debug|Any CPU
		{38201AA4-2ED8-4B9C-9716-3A105FC96444}.Release|Any CPU.ActiveCfg = Release|Any CPU
		{38201AA4-2ED8-4B9C-9716-3A105FC96444}.Release|Any CPU.Build.0 = Release|Any CPU
	EndGlobalSection
	GlobalSection(SolutionProperties) = preSolution
		HideSolutionNode = FALSE
	EndGlobalSection
	GlobalSection(ExtensibilityGlobals) = postSolution
		SolutionGuid = {6A2BBB85-8DC0-4372-91BB-922C77FB6646}
	EndGlobalSection
EndGlobal
