
Microsoft Visual Studio Solution File, Format Version 12.00
# Visual Studio Version 17
VisualStudioVersion = 17.7.34031.279
MinimumVisualStudioVersion = 10.0.40219.1
Project("{FAE04EC0-301F-11D3-BF4B-00C04F79EFBC}") = "MediatorPattern", "MediatorPattern\MediatorPattern.csproj", "{835DB26C-86E9-40CD-A0C2-BA40D2D2F56B}"
EndProject
Global
	GlobalSection(SolutionConfigurationPlatforms) = preSolution
		Debug|Any CPU = Debug|Any CPU
		Release|Any CPU = Release|Any CPU
	EndGlobalSection
	GlobalSection(ProjectConfigurationPlatforms) = postSolution
		{835DB26C-86E9-40CD-A0C2-BA40D2D2F56B}.Debug|Any CPU.ActiveCfg = Debug|Any CPU
		{835DB26C-86E9-40CD-A0C2-BA40D2D2F56B}.Debug|Any CPU.Build.0 = Debug|Any CPU
		{835DB26C-86E9-40CD-A0C2-BA40D2D2F56B}.Release|Any CPU.ActiveCfg = Release|Any CPU
		{835DB26C-86E9-40CD-A0C2-BA40D2D2F56B}.Release|Any CPU.Build.0 = Release|Any CPU
	EndGlobalSection
	GlobalSection(SolutionProperties) = preSolution
		HideSolutionNode = FALSE
	EndGlobalSection
	GlobalSection(ExtensibilityGlobals) = postSolution
		SolutionGuid = {41919D95-AB2B-4459-AF6C-F46D2D94142E}
	EndGlobalSection
EndGlobal
